// !$*UTF8*$!
{
	archiveVersion = 1;
	classes = {
	};
	objectVersion = 46;
	objects = {

/* Begin PBXBuildFile section */
		9BFFC0D7A7A3C96D169072F0 /* Pods_ChartsSampleProject.framework in Frameworks */ = {isa = PBXBuildFile; fileRef = BAE9597F996C3EDAB641A487 /* Pods_ChartsSampleProject.framework */; };
		AE80805B1DC9978A00167BF0 /* MainViewController.swift in Sources */ = {isa = PBXBuildFile; fileRef = AE8080591DC9978A00167BF0 /* MainViewController.swift */; };
		AE80805C1DC9978A00167BF0 /* MainViewController.xib in Resources */ = {isa = PBXBuildFile; fileRef = AE80805A1DC9978A00167BF0 /* MainViewController.xib */; };
		AE8080601DC997BB00167BF0 /* LineChartViewController.swift in Sources */ = {isa = PBXBuildFile; fileRef = AE80805E1DC997BB00167BF0 /* LineChartViewController.swift */; };
		AE8080611DC997BB00167BF0 /* LineChartViewController.xib in Resources */ = {isa = PBXBuildFile; fileRef = AE80805F1DC997BB00167BF0 /* LineChartViewController.xib */; };
		AE8080641DC997C800167BF0 /* PieChartViewController.swift in Sources */ = {isa = PBXBuildFile; fileRef = AE8080621DC997C800167BF0 /* PieChartViewController.swift */; };
		AE8080651DC997C800167BF0 /* PieChartViewController.xib in Resources */ = {isa = PBXBuildFile; fileRef = AE8080631DC997C800167BF0 /* PieChartViewController.xib */; };
		AE8080681DC997D200167BF0 /* BarChartViewController.swift in Sources */ = {isa = PBXBuildFile; fileRef = AE8080661DC997D200167BF0 /* BarChartViewController.swift */; };
		AE8080691DC997D200167BF0 /* BarChartViewController.xib in Resources */ = {isa = PBXBuildFile; fileRef = AE8080671DC997D200167BF0 /* BarChartViewController.xib */; };
		AE80806B1DC99C0400167BF0 /* ChartDrawer.swift in Sources */ = {isa = PBXBuildFile; fileRef = AE80806A1DC99C0400167BF0 /* ChartDrawer.swift */; };
		AE80806E1DC99C9C00167BF0 /* LineChartCanvasView.swift in Sources */ = {isa = PBXBuildFile; fileRef = AE80806D1DC99C9C00167BF0 /* LineChartCanvasView.swift */; };
		AE8080701DC99CA700167BF0 /* PieChartCanvasView.swift in Sources */ = {isa = PBXBuildFile; fileRef = AE80806F1DC99CA700167BF0 /* PieChartCanvasView.swift */; };
		AE8080721DC99CB000167BF0 /* BarChartCanvasView.swift in Sources */ = {isa = PBXBuildFile; fileRef = AE8080711DC99CB000167BF0 /* BarChartCanvasView.swift */; };
		AE8080751DC99E0F00167BF0 /* LineChartCoordinatePair.swift in Sources */ = {isa = PBXBuildFile; fileRef = AE8080741DC99E0F00167BF0 /* LineChartCoordinatePair.swift */; };
		AE8080781DC99E3800167BF0 /* LineChartDataModel.swift in Sources */ = {isa = PBXBuildFile; fileRef = AE8080771DC99E3800167BF0 /* LineChartDataModel.swift */; };
		AE80807A1DC99E6200167BF0 /* PieChartDataModel.swift in Sources */ = {isa = PBXBuildFile; fileRef = AE8080791DC99E6200167BF0 /* PieChartDataModel.swift */; };
		AE80807C1DC99E9500167BF0 /* PieChartDataPair.swift in Sources */ = {isa = PBXBuildFile; fileRef = AE80807B1DC99E9500167BF0 /* PieChartDataPair.swift */; };
		AE80807E1DC99EDD00167BF0 /* BarChartDataModel.swift in Sources */ = {isa = PBXBuildFile; fileRef = AE80807D1DC99EDD00167BF0 /* BarChartDataModel.swift */; };
		AEC09E1B1DC9927E005E90E8 /* AppDelegate.swift in Sources */ = {isa = PBXBuildFile; fileRef = AEC09E1A1DC9927E005E90E8 /* AppDelegate.swift */; };
		AEC09E221DC9927E005E90E8 /* Assets.xcassets in Resources */ = {isa = PBXBuildFile; fileRef = AEC09E211DC9927E005E90E8 /* Assets.xcassets */; };
		AEC09E251DC9927E005E90E8 /* LaunchScreen.storyboard in Resources */ = {isa = PBXBuildFile; fileRef = AEC09E231DC9927E005E90E8 /* LaunchScreen.storyboard */; };
/* End PBXBuildFile section */

/* Begin PBXFileReference section */
		0F2ED85A0FDDB741A3FD7BB6 /* Pods-ChartsSampleProject.debug.xcconfig */ = {isa = PBXFileReference; includeInIndex = 1; lastKnownFileType = text.xcconfig; name = "Pods-ChartsSampleProject.debug.xcconfig"; path = "Pods/Target Support Files/Pods-ChartsSampleProject/Pods-ChartsSampleProject.debug.xcconfig"; sourceTree = "<group>"; };
		AE8080591DC9978A00167BF0 /* MainViewController.swift */ = {isa = PBXFileReference; fileEncoding = 4; lastKnownFileType = sourcecode.swift; name = MainViewController.swift; path = ViewControllers/MainViewController.swift; sourceTree = "<group>"; };
		AE80805A1DC9978A00167BF0 /* MainViewController.xib */ = {isa = PBXFileReference; fileEncoding = 4; lastKnownFileType = file.xib; name = MainViewController.xib; path = ViewControllers/MainViewController.xib; sourceTree = "<group>"; };
		AE80805E1DC997BB00167BF0 /* LineChartViewController.swift */ = {isa = PBXFileReference; fileEncoding = 4; lastKnownFileType = sourcecode.swift; name = LineChartViewController.swift; path = ViewControllers/LineChartViewController.swift; sourceTree = "<group>"; };
		AE80805F1DC997BB00167BF0 /* LineChartViewController.xib */ = {isa = PBXFileReference; fileEncoding = 4; lastKnownFileType = file.xib; name = LineChartViewController.xib; path = ViewControllers/LineChartViewController.xib; sourceTree = "<group>"; };
		AE8080621DC997C800167BF0 /* PieChartViewController.swift */ = {isa = PBXFileReference; fileEncoding = 4; lastKnownFileType = sourcecode.swift; name = PieChartViewController.swift; path = ViewControllers/PieChartViewController.swift; sourceTree = "<group>"; };
		AE8080631DC997C800167BF0 /* PieChartViewController.xib */ = {isa = PBXFileReference; fileEncoding = 4; lastKnownFileType = file.xib; name = PieChartViewController.xib; path = ViewControllers/PieChartViewController.xib; sourceTree = "<group>"; };
		AE8080661DC997D200167BF0 /* BarChartViewController.swift */ = {isa = PBXFileReference; fileEncoding = 4; lastKnownFileType = sourcecode.swift; name = BarChartViewController.swift; path = ViewControllers/BarChartViewController.swift; sourceTree = "<group>"; };
		AE8080671DC997D200167BF0 /* BarChartViewController.xib */ = {isa = PBXFileReference; fileEncoding = 4; lastKnownFileType = file.xib; name = BarChartViewController.xib; path = ViewControllers/BarChartViewController.xib; sourceTree = "<group>"; };
		AE80806A1DC99C0400167BF0 /* ChartDrawer.swift */ = {isa = PBXFileReference; fileEncoding = 4; lastKnownFileType = sourcecode.swift; name = ChartDrawer.swift; path = Protocols/ChartDrawer.swift; sourceTree = "<group>"; };
		AE80806D1DC99C9C00167BF0 /* LineChartCanvasView.swift */ = {isa = PBXFileReference; fileEncoding = 4; lastKnownFileType = sourcecode.swift; name = LineChartCanvasView.swift; path = Views/LineChartCanvasView.swift; sourceTree = "<group>"; };
		AE80806F1DC99CA700167BF0 /* PieChartCanvasView.swift */ = {isa = PBXFileReference; fileEncoding = 4; lastKnownFileType = sourcecode.swift; name = PieChartCanvasView.swift; path = Views/PieChartCanvasView.swift; sourceTree = "<group>"; };
		AE8080711DC99CB000167BF0 /* BarChartCanvasView.swift */ = {isa = PBXFileReference; fileEncoding = 4; lastKnownFileType = sourcecode.swift; name = BarChartCanvasView.swift; path = Views/BarChartCanvasView.swift; sourceTree = "<group>"; };
		AE8080741DC99E0F00167BF0 /* LineChartCoordinatePair.swift */ = {isa = PBXFileReference; fileEncoding = 4; lastKnownFileType = sourcecode.swift; name = LineChartCoordinatePair.swift; path = Models/LineChartCoordinatePair.swift; sourceTree = "<group>"; };
		AE8080771DC99E3800167BF0 /* LineChartDataModel.swift */ = {isa = PBXFileReference; fileEncoding = 4; lastKnownFileType = sourcecode.swift; name = LineChartDataModel.swift; path = Models/LineChartDataModel.swift; sourceTree = "<group>"; };
		AE8080791DC99E6200167BF0 /* PieChartDataModel.swift */ = {isa = PBXFileReference; fileEncoding = 4; lastKnownFileType = sourcecode.swift; name = PieChartDataModel.swift; path = Models/PieChartDataModel.swift; sourceTree = "<group>"; };
		AE80807B1DC99E9500167BF0 /* PieChartDataPair.swift */ = {isa = PBXFileReference; fileEncoding = 4; lastKnownFileType = sourcecode.swift; name = PieChartDataPair.swift; path = Models/PieChartDataPair.swift; sourceTree = "<group>"; };
		AE80807D1DC99EDD00167BF0 /* BarChartDataModel.swift */ = {isa = PBXFileReference; fileEncoding = 4; lastKnownFileType = sourcecode.swift; name = BarChartDataModel.swift; path = Models/BarChartDataModel.swift; sourceTree = "<group>"; };
		AEC09E171DC9927E005E90E8 /* ChartsSampleProject.app */ = {isa = PBXFileReference; explicitFileType = wrapper.application; includeInIndex = 0; path = ChartsSampleProject.app; sourceTree = BUILT_PRODUCTS_DIR; };
		AEC09E1A1DC9927E005E90E8 /* AppDelegate.swift */ = {isa = PBXFileReference; lastKnownFileType = sourcecode.swift; path = AppDelegate.swift; sourceTree = "<group>"; };
		AEC09E211DC9927E005E90E8 /* Assets.xcassets */ = {isa = PBXFileReference; lastKnownFileType = folder.assetcatalog; path = Assets.xcassets; sourceTree = "<group>"; };
		AEC09E241DC9927E005E90E8 /* Base */ = {isa = PBXFileReference; lastKnownFileType = file.storyboard; name = Base; path = Base.lproj/LaunchScreen.storyboard; sourceTree = "<group>"; };
		AEC09E261DC9927E005E90E8 /* Info.plist */ = {isa = PBXFileReference; lastKnownFileType = text.plist.xml; path = Info.plist; sourceTree = "<group>"; };
		BAE9597F996C3EDAB641A487 /* Pods_ChartsSampleProject.framework */ = {isa = PBXFileReference; explicitFileType = wrapper.framework; includeInIndex = 0; path = Pods_ChartsSampleProject.framework; sourceTree = BUILT_PRODUCTS_DIR; };
		F6C0AAB81F14E820D2BE282B /* Pods-ChartsSampleProject.release.xcconfig */ = {isa = PBXFileReference; includeInIndex = 1; lastKnownFileType = text.xcconfig; name = "Pods-ChartsSampleProject.release.xcconfig"; path = "Pods/Target Support Files/Pods-ChartsSampleProject/Pods-ChartsSampleProject.release.xcconfig"; sourceTree = "<group>"; };
/* End PBXFileReference section */

/* Begin PBXFrameworksBuildPhase section */
		AEC09E141DC9927E005E90E8 /* Frameworks */ = {
			isa = PBXFrameworksBuildPhase;
			buildActionMask = 2147483647;
			files = (
				9BFFC0D7A7A3C96D169072F0 /* Pods_ChartsSampleProject.framework in Frameworks */,
			);
			runOnlyForDeploymentPostprocessing = 0;
		};
/* End PBXFrameworksBuildPhase section */

/* Begin PBXGroup section */
		4A600042ACE6BCF03C789A23 /* Frameworks */ = {
			isa = PBXGroup;
			children = (
				BAE9597F996C3EDAB641A487 /* Pods_ChartsSampleProject.framework */,
			);
			name = Frameworks;
			sourceTree = "<group>";
		};
		AE80805D1DC9978C00167BF0 /* ViewControllers */ = {
			isa = PBXGroup;
			children = (
				AE8080591DC9978A00167BF0 /* MainViewController.swift */,
				AE80805A1DC9978A00167BF0 /* MainViewController.xib */,
				AE80805E1DC997BB00167BF0 /* LineChartViewController.swift */,
				AE80805F1DC997BB00167BF0 /* LineChartViewController.xib */,
				AE8080621DC997C800167BF0 /* PieChartViewController.swift */,
				AE8080631DC997C800167BF0 /* PieChartViewController.xib */,
				AE8080661DC997D200167BF0 /* BarChartViewController.swift */,
				AE8080671DC997D200167BF0 /* BarChartViewController.xib */,
			);
			name = ViewControllers;
			sourceTree = "<group>";
		};
		AE80806C1DC99C0B00167BF0 /* Protocols */ = {
			isa = PBXGroup;
			children = (
				AE80806A1DC99C0400167BF0 /* ChartDrawer.swift */,
			);
			name = Protocols;
			sourceTree = "<group>";
		};
		AE8080731DC99CB500167BF0 /* Views */ = {
			isa = PBXGroup;
			children = (
				AE80806D1DC99C9C00167BF0 /* LineChartCanvasView.swift */,
				AE80806F1DC99CA700167BF0 /* PieChartCanvasView.swift */,
				AE8080711DC99CB000167BF0 /* BarChartCanvasView.swift */,
			);
			name = Views;
			sourceTree = "<group>";
		};
		AE8080761DC99E1500167BF0 /* Models */ = {
			isa = PBXGroup;
			children = (
				AE8080741DC99E0F00167BF0 /* LineChartCoordinatePair.swift */,
				AE8080771DC99E3800167BF0 /* LineChartDataModel.swift */,
				AE80807B1DC99E9500167BF0 /* PieChartDataPair.swift */,
				AE8080791DC99E6200167BF0 /* PieChartDataModel.swift */,
				AE80807D1DC99EDD00167BF0 /* BarChartDataModel.swift */,
			);
			name = Models;
			sourceTree = "<group>";
		};
		AEC09E0E1DC9927E005E90E8 = {
			isa = PBXGroup;
			children = (
				AEC09E191DC9927E005E90E8 /* ChartsSampleProject */,
				AEC09E181DC9927E005E90E8 /* Products */,
				B962A6F1B7798791D3CFED81 /* Pods */,
				4A600042ACE6BCF03C789A23 /* Frameworks */,
			);
			sourceTree = "<group>";
		};
		AEC09E181DC9927E005E90E8 /* Products */ = {
			isa = PBXGroup;
			children = (
				AEC09E171DC9927E005E90E8 /* ChartsSampleProject.app */,
			);
			name = Products;
			sourceTree = "<group>";
		};
		AEC09E191DC9927E005E90E8 /* ChartsSampleProject */ = {
			isa = PBXGroup;
			children = (
				AEC09E1A1DC9927E005E90E8 /* AppDelegate.swift */,
				AE8080761DC99E1500167BF0 /* Models */,
				AE80806C1DC99C0B00167BF0 /* Protocols */,
				AE8080731DC99CB500167BF0 /* Views */,
				AE80805D1DC9978C00167BF0 /* ViewControllers */,
				AEC09E211DC9927E005E90E8 /* Assets.xcassets */,
				AEC09E231DC9927E005E90E8 /* LaunchScreen.storyboard */,
				AEC09E261DC9927E005E90E8 /* Info.plist */,
			);
			path = ChartsSampleProject;
			sourceTree = "<group>";
		};
		B962A6F1B7798791D3CFED81 /* Pods */ = {
			isa = PBXGroup;
			children = (
				0F2ED85A0FDDB741A3FD7BB6 /* Pods-ChartsSampleProject.debug.xcconfig */,
				F6C0AAB81F14E820D2BE282B /* Pods-ChartsSampleProject.release.xcconfig */,
			);
			name = Pods;
			sourceTree = "<group>";
		};
/* End PBXGroup section */

/* Begin PBXNativeTarget section */
		AEC09E161DC9927E005E90E8 /* ChartsSampleProject */ = {
			isa = PBXNativeTarget;
			buildConfigurationList = AEC09E291DC9927E005E90E8 /* Build configuration list for PBXNativeTarget "ChartsSampleProject" */;
			buildPhases = (
				5B0CC0B221AEB5105184831D /* [CP] Check Pods Manifest.lock */,
				AEC09E131DC9927E005E90E8 /* Sources */,
				AEC09E141DC9927E005E90E8 /* Frameworks */,
				AEC09E151DC9927E005E90E8 /* Resources */,
				0A4395A21D1FD3CCC81FBF94 /* [CP] Embed Pods Frameworks */,
				E64D55B7E3FBF2BEB214B46B /* [CP] Copy Pods Resources */,
			);
			buildRules = (
			);
			dependencies = (
			);
			name = ChartsSampleProject;
			productName = ChartsSampleProject;
			productReference = AEC09E171DC9927E005E90E8 /* ChartsSampleProject.app */;
			productType = "com.apple.product-type.application";
		};
/* End PBXNativeTarget section */

/* Begin PBXProject section */
		AEC09E0F1DC9927E005E90E8 /* Project object */ = {
			isa = PBXProject;
			attributes = {
				LastSwiftUpdateCheck = 0800;
				LastUpgradeCheck = 0800;
				ORGANIZATIONNAME = "Sinta Amanda Tangkudung";
				TargetAttributes = {
					AEC09E161DC9927E005E90E8 = {
						CreatedOnToolsVersion = 8.0;
						DevelopmentTeam = 65XTC46Z7F;
						ProvisioningStyle = Automatic;
					};
				};
			};
			buildConfigurationList = AEC09E121DC9927E005E90E8 /* Build configuration list for PBXProject "ChartsSampleProject" */;
			compatibilityVersion = "Xcode 3.2";
			developmentRegion = English;
			hasScannedForEncodings = 0;
			knownRegions = (
				en,
				Base,
			);
			mainGroup = AEC09E0E1DC9927E005E90E8;
			productRefGroup = AEC09E181DC9927E005E90E8 /* Products */;
			projectDirPath = "";
			projectRoot = "";
			targets = (
				AEC09E161DC9927E005E90E8 /* ChartsSampleProject */,
			);
		};
/* End PBXProject section */

/* Begin PBXResourcesBuildPhase section */
		AEC09E151DC9927E005E90E8 /* Resources */ = {
			isa = PBXResourcesBuildPhase;
			buildActionMask = 2147483647;
			files = (
				AE8080651DC997C800167BF0 /* PieChartViewController.xib in Resources */,
				AEC09E251DC9927E005E90E8 /* LaunchScreen.storyboard in Resources */,
				AE8080611DC997BB00167BF0 /* LineChartViewController.xib in Resources */,
				AE8080691DC997D200167BF0 /* BarChartViewController.xib in Resources */,
				AE80805C1DC9978A00167BF0 /* MainViewController.xib in Resources */,
				AEC09E221DC9927E005E90E8 /* Assets.xcassets in Resources */,
			);
			runOnlyForDeploymentPostprocessing = 0;
		};
/* End PBXResourcesBuildPhase section */

/* Begin PBXShellScriptBuildPhase section */
		0A4395A21D1FD3CCC81FBF94 /* [CP] Embed Pods Frameworks */ = {
			isa = PBXShellScriptBuildPhase;
			buildActionMask = 2147483647;
			files = (
			);
			inputPaths = (
			);
			name = "[CP] Embed Pods Frameworks";
			outputPaths = (
			);
			runOnlyForDeploymentPostprocessing = 0;
			shellPath = /bin/sh;
			shellScript = "\"${SRCROOT}/Pods/Target Support Files/Pods-ChartsSampleProject/Pods-ChartsSampleProject-frameworks.sh\"\n";
			showEnvVarsInLog = 0;
		};
		5B0CC0B221AEB5105184831D /* [CP] Check Pods Manifest.lock */ = {
			isa = PBXShellScriptBuildPhase;
			buildActionMask = 2147483647;
			files = (
			);
			inputPaths = (
			);
			name = "[CP] Check Pods Manifest.lock";
			outputPaths = (
			);
			runOnlyForDeploymentPostprocessing = 0;
			shellPath = /bin/sh;
			shellScript = "diff \"${PODS_ROOT}/../Podfile.lock\" \"${PODS_ROOT}/Manifest.lock\" > /dev/null\nif [[ $? != 0 ]] ; then\n    cat << EOM\nerror: The sandbox is not in sync with the Podfile.lock. Run 'pod install' or update your CocoaPods installation.\nEOM\n    exit 1\nfi\n";
			showEnvVarsInLog = 0;
		};
		E64D55B7E3FBF2BEB214B46B /* [CP] Copy Pods Resources */ = {
			isa = PBXShellScriptBuildPhase;
			buildActionMask = 2147483647;
			files = (
			);
			inputPaths = (
			);
			name = "[CP] Copy Pods Resources";
			outputPaths = (
			);
			runOnlyForDeploymentPostprocessing = 0;
			shellPath = /bin/sh;
			shellScript = "\"${SRCROOT}/Pods/Target Support Files/Pods-ChartsSampleProject/Pods-ChartsSampleProject-resources.sh\"\n";
			showEnvVarsInLog = 0;
		};
/* End PBXShellScriptBuildPhase section */

/* Begin PBXSourcesBuildPhase section */
		AEC09E131DC9927E005E90E8 /* Sources */ = {
			isa = PBXSourcesBuildPhase;
			buildActionMask = 2147483647;
			files = (
				AE8080721DC99CB000167BF0 /* BarChartCanvasView.swift in Sources */,
				AE80807A1DC99E6200167BF0 /* PieChartDataModel.swift in Sources */,
				AE80807E1DC99EDD00167BF0 /* BarChartDataModel.swift in Sources */,
				AEC09E1B1DC9927E005E90E8 /* AppDelegate.swift in Sources */,
				AE8080751DC99E0F00167BF0 /* LineChartCoordinatePair.swift in Sources */,
				AE80806B1DC99C0400167BF0 /* ChartDrawer.swift in Sources */,
				AE8080701DC99CA700167BF0 /* PieChartCanvasView.swift in Sources */,
				AE8080601DC997BB00167BF0 /* LineChartViewController.swift in Sources */,
				AE80807C1DC99E9500167BF0 /* PieChartDataPair.swift in Sources */,
				AE8080641DC997C800167BF0 /* PieChartViewController.swift in Sources */,
				AE80806E1DC99C9C00167BF0 /* LineChartCanvasView.swift in Sources */,
				AE80805B1DC9978A00167BF0 /* MainViewController.swift in Sources */,
				AE8080681DC997D200167BF0 /* BarChartViewController.swift in Sources */,
				AE8080781DC99E3800167BF0 /* LineChartDataModel.swift in Sources */,
			);
			runOnlyForDeploymentPostprocessing = 0;
		};
/* End PBXSourcesBuildPhase section */

/* Begin PBXVariantGroup section */
		AEC09E231DC9927E005E90E8 /* LaunchScreen.storyboard */ = {
			isa = PBXVariantGroup;
			children = (
				AEC09E241DC9927E005E90E8 /* Base */,
			);
			name = LaunchScreen.storyboard;
			sourceTree = "<group>";
		};
/* End PBXVariantGroup section */

/* Begin XCBuildConfiguration section */
		AEC09E271DC9927E005E90E8 /* Debug */ = {
			isa = XCBuildConfiguration;
			buildSettings = {
				ALWAYS_SEARCH_USER_PATHS = NO;
				CLANG_ANALYZER_NONNULL = YES;
				CLANG_CXX_LANGUAGE_STANDARD = "gnu++0x";
				CLANG_CXX_LIBRARY = "libc++";
				CLANG_ENABLE_MODULES = YES;
				CLANG_ENABLE_OBJC_ARC = YES;
				CLANG_WARN_BOOL_CONVERSION = YES;
				CLANG_WARN_CONSTANT_CONVERSION = YES;
				CLANG_WARN_DIRECT_OBJC_ISA_USAGE = YES_ERROR;
				CLANG_WARN_DOCUMENTATION_COMMENTS = YES;
				CLANG_WARN_EMPTY_BODY = YES;
				CLANG_WARN_ENUM_CONVERSION = YES;
				CLANG_WARN_INFINITE_RECURSION = YES;
				CLANG_WARN_INT_CONVERSION = YES;
				CLANG_WARN_OBJC_ROOT_CLASS = YES_ERROR;
				CLANG_WARN_SUSPICIOUS_MOVES = YES;
				CLANG_WARN_UNREACHABLE_CODE = YES;
				CLANG_WARN__DUPLICATE_METHOD_MATCH = YES;
				"CODE_SIGN_IDENTITY[sdk=iphoneos*]" = "iPhone Developer";
				COPY_PHASE_STRIP = NO;
				DEBUG_INFORMATION_FORMAT = dwarf;
				ENABLE_STRICT_OBJC_MSGSEND = YES;
				ENABLE_TESTABILITY = YES;
				GCC_C_LANGUAGE_STANDARD = gnu99;
				GCC_DYNAMIC_NO_PIC = NO;
				GCC_NO_COMMON_BLOCKS = YES;
				GCC_OPTIMIZATION_LEVEL = 0;
				GCC_PREPROCESSOR_DEFINITIONS = (
					"DEBUG=1",
					"$(inherited)",
				);
				GCC_WARN_64_TO_32_BIT_CONVERSION = YES;
				GCC_WARN_ABOUT_RETURN_TYPE = YES_ERROR;
				GCC_WARN_UNDECLARED_SELECTOR = YES;
				GCC_WARN_UNINITIALIZED_AUTOS = YES_AGGRESSIVE;
				GCC_WARN_UNUSED_FUNCTION = YES;
				GCC_WARN_UNUSED_VARIABLE = YES;
				IPHONEOS_DEPLOYMENT_TARGET = 10.0;
				MTL_ENABLE_DEBUG_INFO = YES;
				ONLY_ACTIVE_ARCH = YES;
				SDKROOT = iphoneos;
				SWIFT_ACTIVE_COMPILATION_CONDITIONS = DEBUG;
				SWIFT_OPTIMIZATION_LEVEL = "-Onone";
			};
			name = Debug;
		};
		AEC09E281DC9927E005E90E8 /* Release */ = {
			isa = XCBuildConfiguration;
			buildSettings = {
				ALWAYS_SEARCH_USER_PATHS = NO;
				CLANG_ANALYZER_NONNULL = YES;
				CLANG_CXX_LANGUAGE_STANDARD = "gnu++0x";
				CLANG_CXX_LIBRARY = "libc++";
				CLANG_ENABLE_MODULES = YES;
				CLANG_ENABLE_OBJC_ARC = YES;
				CLANG_WARN_BOOL_CONVERSION = YES;
				CLANG_WARN_CONSTANT_CONVERSION = YES;
				CLANG_WARN_DIRECT_OBJC_ISA_USAGE = YES_ERROR;
				CLANG_WARN_DOCUMENTATION_COMMENTS = YES;
				CLANG_WARN_EMPTY_BODY = YES;
				CLANG_WARN_ENUM_CONVERSION = YES;
				CLANG_WARN_INFINITE_RECURSION = YES;
				CLANG_WARN_INT_CONVERSION = YES;
				CLANG_WARN_OBJC_ROOT_CLASS = YES_ERROR;
				CLANG_WARN_SUSPICIOUS_MOVES = YES;
				CLANG_WARN_UNREACHABLE_CODE = YES;
				CLANG_WARN__DUPLICATE_METHOD_MATCH = YES;
				"CODE_SIGN_IDENTITY[sdk=iphoneos*]" = "iPhone Developer";
				COPY_PHASE_STRIP = NO;
				DEBUG_INFORMATION_FORMAT = "dwarf-with-dsym";
				ENABLE_NS_ASSERTIONS = NO;
				ENABLE_STRICT_OBJC_MSGSEND = YES;
				GCC_C_LANGUAGE_STANDARD = gnu99;
				GCC_NO_COMMON_BLOCKS = YES;
				GCC_WARN_64_TO_32_BIT_CONVERSION = YES;
				GCC_WARN_ABOUT_RETURN_TYPE = YES_ERROR;
				GCC_WARN_UNDECLARED_SELECTOR = YES;
				GCC_WARN_UNINITIALIZED_AUTOS = YES_AGGRESSIVE;
				GCC_WARN_UNUSED_FUNCTION = YES;
				GCC_WARN_UNUSED_VARIABLE = YES;
				IPHONEOS_DEPLOYMENT_TARGET = 10.0;
				MTL_ENABLE_DEBUG_INFO = NO;
				SDKROOT = iphoneos;
				SWIFT_OPTIMIZATION_LEVEL = "-Owholemodule";
				VALIDATE_PRODUCT = YES;
			};
			name = Release;
		};
		AEC09E2A1DC9927E005E90E8 /* Debug */ = {
			isa = XCBuildConfiguration;
			baseConfigurationReference = 0F2ED85A0FDDB741A3FD7BB6 /* Pods-ChartsSampleProject.debug.xcconfig */;
			buildSettings = {
				ASSETCATALOG_COMPILER_APPICON_NAME = AppIcon;
				DEVELOPMENT_TEAM = 65XTC46Z7F;
				INFOPLIST_FILE = ChartsSampleProject/Info.plist;
				LD_RUNPATH_SEARCH_PATHS = "$(inherited) @executable_path/Frameworks";
				PRODUCT_BUNDLE_IDENTIFIER = com.ChartsSampleProject;
				PRODUCT_NAME = "$(TARGET_NAME)";
				SWIFT_VERSION = 3.0;
			};
			name = Debug;
		};
		AEC09E2B1DC9927E005E90E8 /* Release */ = {
			isa = XCBuildConfiguration;
			baseConfigurationReference = F6C0AAB81F14E820D2BE282B /* Pods-ChartsSampleProject.release.xcconfig */;
			buildSettings = {
				ASSETCATALOG_COMPILER_APPICON_NAME = AppIcon;
				DEVELOPMENT_TEAM = 65XTC46Z7F;
				INFOPLIST_FILE = ChartsSampleProject/Info.plist;
				LD_RUNPATH_SEARCH_PATHS = "$(inherited) @executable_path/Frameworks";
				PRODUCT_BUNDLE_IDENTIFIER = com.ChartsSampleProject;
				PRODUCT_NAME = "$(TARGET_NAME)";
				SWIFT_VERSION = 3.0;
			};
			name = Release;
		};
/* End XCBuildConfiguration section */

/* Begin XCConfigurationList section */
		AEC09E121DC9927E005E90E8 /* Build configuration list for PBXProject "ChartsSampleProject" */ = {
			isa = XCConfigurationList;
			buildConfigurations = (
				AEC09E271DC9927E005E90E8 /* Debug */,
				AEC09E281DC9927E005E90E8 /* Release */,
			);
			defaultConfigurationIsVisible = 0;
			defaultConfigurationName = Release;
		};
		AEC09E291DC9927E005E90E8 /* Build configuration list for PBXNativeTarget "ChartsSampleProject" */ = {
			isa = XCConfigurationList;
			buildConfigurations = (
				AEC09E2A1DC9927E005E90E8 /* Debug */,
				AEC09E2B1DC9927E005E90E8 /* Release */,
			);
			defaultConfigurationIsVisible = 0;
			defaultConfigurationName = Release;
		};
/* End XCConfigurationList section */
	};
	rootObject = AEC09E0F1DC9927E005E90E8 /* Project object */;
}
